
Microsoft Visual Studio Solution File, Format Version 12.00
# Visual Studio 2012
Project("{888888A0-9F3D-457C-B088-3A5042F75D52}") = "LongestCommonSubstr", "LongestCommonSubstr.pyproj", "{EA08060D-C16E-4230-8025-536A700E5C69}"
EndProject
Global
	GlobalSection(SolutionConfigurationPlatforms) = preSolution
		Debug|Any CPU = Debug|Any CPU
		Release|Any CPU = Release|Any CPU
	EndGlobalSection
	GlobalSection(ProjectConfigurationPlatforms) = postSolution
		{EA08060D-C16E-4230-8025-536A700E5C69}.Debug|Any CPU.ActiveCfg = Debug|Any CPU
		{EA08060D-C16E-4230-8025-536A700E5C69}.Debug|Any CPU.Build.0 = Debug|Any CPU
		{EA08060D-C16E-4230-8025-536A700E5C69}.Release|Any CPU.ActiveCfg = Release|Any CPU
		{EA08060D-C16E-4230-8025-536A700E5C69}.Release|Any CPU.Build.0 = Release|Any CPU
	EndGlobalSection
	GlobalSection(SolutionProperties) = preSolution
		HideSolutionNode = FALSE
	EndGlobalSection
EndGlobal
