
Microsoft Visual Studio Solution File, Format Version 12.00
# Visual Studio 2012
Project("{888888A0-9F3D-457C-B088-3A5042F75D52}") = "EmployeeHierarchy", "EmployeeHierarchy.pyproj", "{BC469757-5087-4467-A3B8-E91907F13E29}"
EndProject
Global
	GlobalSection(SolutionConfigurationPlatforms) = preSolution
		Debug|Any CPU = Debug|Any CPU
		Release|Any CPU = Release|Any CPU
	EndGlobalSection
	GlobalSection(ProjectConfigurationPlatforms) = postSolution
		{BC469757-5087-4467-A3B8-E91907F13E29}.Debug|Any CPU.ActiveCfg = Debug|Any CPU
		{BC469757-5087-4467-A3B8-E91907F13E29}.Debug|Any CPU.Build.0 = Debug|Any CPU
		{BC469757-5087-4467-A3B8-E91907F13E29}.Release|Any CPU.ActiveCfg = Release|Any CPU
		{BC469757-5087-4467-A3B8-E91907F13E29}.Release|Any CPU.Build.0 = Release|Any CPU
	EndGlobalSection
	GlobalSection(SolutionProperties) = preSolution
		HideSolutionNode = FALSE
	EndGlobalSection
EndGlobal
